// !$*UTF8*$!
{
	archiveVersion = 1;
	classes = {
	};
	objectVersion = 48;
	objects = {

/* Begin PBXBuildFile section */
		C6643D812041CEDE003ED8EB /* AppDelegate.swift in Sources */ = {isa = PBXBuildFile; fileRef = C6643D802041CEDE003ED8EB /* AppDelegate.swift */; };
		C6643D832041CEDE003ED8EB /* ViewController.swift in Sources */ = {isa = PBXBuildFile; fileRef = C6643D822041CEDE003ED8EB /* ViewController.swift */; };
		C6643D862041CEDE003ED8EB /* Main.storyboard in Resources */ = {isa = PBXBuildFile; fileRef = C6643D842041CEDE003ED8EB /* Main.storyboard */; };
		C6643D882041CEDE003ED8EB /* Assets.xcassets in Resources */ = {isa = PBXBuildFile; fileRef = C6643D872041CEDE003ED8EB /* Assets.xcassets */; };
		C6643D8B2041CEDE003ED8EB /* LaunchScreen.storyboard in Resources */ = {isa = PBXBuildFile; fileRef = C6643D892041CEDE003ED8EB /* LaunchScreen.storyboard */; };
		C6643D962041CEDE003ED8EB /* instagramTests.swift in Sources */ = {isa = PBXBuildFile; fileRef = C6643D952041CEDE003ED8EB /* instagramTests.swift */; };
		C6643DA12041CEDE003ED8EB /* instagramUITests.swift in Sources */ = {isa = PBXBuildFile; fileRef = C6643DA02041CEDE003ED8EB /* instagramUITests.swift */; };
/* End PBXBuildFile section */

/* Begin PBXContainerItemProxy section */
		C6643D922041CEDE003ED8EB /* PBXContainerItemProxy */ = {
			isa = PBXContainerItemProxy;
			containerPortal = C6643D752041CEDD003ED8EB /* Project object */;
			proxyType = 1;
			remoteGlobalIDString = C6643D7C2041CEDD003ED8EB;
			remoteInfo = instagram;
		};
		C6643D9D2041CEDE003ED8EB /* PBXContainerItemProxy */ = {
			isa = PBXContainerItemProxy;
			containerPortal = C6643D752041CEDD003ED8EB /* Project object */;
			proxyType = 1;
			remoteGlobalIDString = C6643D7C2041CEDD003ED8EB;
			remoteInfo = instagram;
		};
/* End PBXContainerItemProxy section */

/* Begin PBXFileReference section */
		C6643D7D2041CEDE003ED8EB /* instagram.app */ = {isa = PBXFileReference; explicitFileType = wrapper.application; includeInIndex = 0; path = instagram.app; sourceTree = BUILT_PRODUCTS_DIR; };
		C6643D802041CEDE003ED8EB /* AppDelegate.swift */ = {isa = PBXFileReference; lastKnownFileType = sourcecode.swift; path = AppDelegate.swift; sourceTree = "<group>"; };
		C6643D822041CEDE003ED8EB /* ViewController.swift */ = {isa = PBXFileReference; lastKnownFileType = sourcecode.swift; path = ViewController.swift; sourceTree = "<group>"; };
		C6643D852041CEDE003ED8EB /* Base */ = {isa = PBXFileReference; lastKnownFileType = file.storyboard; name = Base; path = Base.lproj/Main.storyboard; sourceTree = "<group>"; };
		C6643D872041CEDE003ED8EB /* Assets.xcassets */ = {isa = PBXFileReference; lastKnownFileType = folder.assetcatalog; path = Assets.xcassets; sourceTree = "<group>"; };
		C6643D8A2041CEDE003ED8EB /* Base */ = {isa = PBXFileReference; lastKnownFileType = file.storyboard; name = Base; path = Base.lproj/LaunchScreen.storyboard; sourceTree = "<group>"; };
		C6643D8C2041CEDE003ED8EB /* Info.plist */ = {isa = PBXFileReference; lastKnownFileType = text.plist.xml; path = Info.plist; sourceTree = "<group>"; };
		C6643D912041CEDE003ED8EB /* instagramTests.xctest */ = {isa = PBXFileReference; explicitFileType = wrapper.cfbundle; includeInIndex = 0; path = instagramTests.xctest; sourceTree = BUILT_PRODUCTS_DIR; };
		C6643D952041CEDE003ED8EB /* instagramTests.swift */ = {isa = PBXFileReference; lastKnownFileType = sourcecode.swift; path = instagramTests.swift; sourceTree = "<group>"; };
		C6643D972041CEDE003ED8EB /* Info.plist */ = {isa = PBXFileReference; lastKnownFileType = text.plist.xml; path = Info.plist; sourceTree = "<group>"; };
		C6643D9C2041CEDE003ED8EB /* instagramUITests.xctest */ = {isa = PBXFileReference; explicitFileType = wrapper.cfbundle; includeInIndex = 0; path = instagramUITests.xctest; sourceTree = BUILT_PRODUCTS_DIR; };
		C6643DA02041CEDE003ED8EB /* instagramUITests.swift */ = {isa = PBXFileReference; lastKnownFileType = sourcecode.swift; path = instagramUITests.swift; sourceTree = "<group>"; };
		C6643DA22041CEDE003ED8EB /* Info.plist */ = {isa = PBXFileReference; lastKnownFileType = text.plist.xml; path = Info.plist; sourceTree = "<group>"; };
/* End PBXFileReference section */

/* Begin PBXFrameworksBuildPhase section */
		C6643D7A2041CEDD003ED8EB /* Frameworks */ = {
			isa = PBXFrameworksBuildPhase;
			buildActionMask = 2147483647;
			files = (
			);
			runOnlyForDeploymentPostprocessing = 0;
		};
		C6643D8E2041CEDE003ED8EB /* Frameworks */ = {
			isa = PBXFrameworksBuildPhase;
			buildActionMask = 2147483647;
			files = (
			);
			runOnlyForDeploymentPostprocessing = 0;
		};
		C6643D992041CEDE003ED8EB /* Frameworks */ = {
			isa = PBXFrameworksBuildPhase;
			buildActionMask = 2147483647;
			files = (
			);
			runOnlyForDeploymentPostprocessing = 0;
		};
/* End PBXFrameworksBuildPhase section */

/* Begin PBXGroup section */
		C6643D742041CEDD003ED8EB = {
			isa = PBXGroup;
			children = (
				C6643D7F2041CEDE003ED8EB /* instagram */,
				C6643D942041CEDE003ED8EB /* instagramTests */,
				C6643D9F2041CEDE003ED8EB /* instagramUITests */,
				C6643D7E2041CEDE003ED8EB /* Products */,
			);
			sourceTree = "<group>";
		};
		C6643D7E2041CEDE003ED8EB /* Products */ = {
			isa = PBXGroup;
			children = (
				C6643D7D2041CEDE003ED8EB /* instagram.app */,
				C6643D912041CEDE003ED8EB /* instagramTests.xctest */,
				C6643D9C2041CEDE003ED8EB /* instagramUITests.xctest */,
			);
			name = Products;
			sourceTree = "<group>";
		};
		C6643D7F2041CEDE003ED8EB /* instagram */ = {
			isa = PBXGroup;
			children = (
				C6643D802041CEDE003ED8EB /* AppDelegate.swift */,
				C6643D822041CEDE003ED8EB /* ViewController.swift */,
				C6643D842041CEDE003ED8EB /* Main.storyboard */,
				C6643D872041CEDE003ED8EB /* Assets.xcassets */,
				C6643D892041CEDE003ED8EB /* LaunchScreen.storyboard */,
				C6643D8C2041CEDE003ED8EB /* Info.plist */,
			);
			path = instagram;
			sourceTree = "<group>";
		};
		C6643D942041CEDE003ED8EB /* instagramTests */ = {
			isa = PBXGroup;
			children = (
				C6643D952041CEDE003ED8EB /* instagramTests.swift */,
				C6643D972041CEDE003ED8EB /* Info.plist */,
			);
			path = instagramTests;
			sourceTree = "<group>";
		};
		C6643D9F2041CEDE003ED8EB /* instagramUITests */ = {
			isa = PBXGroup;
			children = (
				C6643DA02041CEDE003ED8EB /* instagramUITests.swift */,
				C6643DA22041CEDE003ED8EB /* Info.plist */,
			);
			path = instagramUITests;
			sourceTree = "<group>";
		};
/* End PBXGroup section */

/* Begin PBXNativeTarget section */
		C6643D7C2041CEDD003ED8EB /* instagram */ = {
			isa = PBXNativeTarget;
			buildConfigurationList = C6643DA52041CEDE003ED8EB /* Build configuration list for PBXNativeTarget "instagram" */;
			buildPhases = (
				C6643D792041CEDD003ED8EB /* Sources */,
				C6643D7A2041CEDD003ED8EB /* Frameworks */,
				C6643D7B2041CEDD003ED8EB /* Resources */,
			);
			buildRules = (
			);
			dependencies = (
			);
			name = instagram;
			productName = instagram;
			productReference = C6643D7D2041CEDE003ED8EB /* instagram.app */;
			productType = "com.apple.product-type.application";
		};
		C6643D902041CEDE003ED8EB /* instagramTests */ = {
			isa = PBXNativeTarget;
			buildConfigurationList = C6643DA82041CEDE003ED8EB /* Build configuration list for PBXNativeTarget "instagramTests" */;
			buildPhases = (
				C6643D8D2041CEDE003ED8EB /* Sources */,
				C6643D8E2041CEDE003ED8EB /* Frameworks */,
				C6643D8F2041CEDE003ED8EB /* Resources */,
			);
			buildRules = (
			);
			dependencies = (
				C6643D932041CEDE003ED8EB /* PBXTargetDependency */,
			);
			name = instagramTests;
			productName = instagramTests;
			productReference = C6643D912041CEDE003ED8EB /* instagramTests.xctest */;
			productType = "com.apple.product-type.bundle.unit-test";
		};
		C6643D9B2041CEDE003ED8EB /* instagramUITests */ = {
			isa = PBXNativeTarget;
			buildConfigurationList = C6643DAB2041CEDE003ED8EB /* Build configuration list for PBXNativeTarget "instagramUITests" */;
			buildPhases = (
				C6643D982041CEDE003ED8EB /* Sources */,
				C6643D992041CEDE003ED8EB /* Frameworks */,
				C6643D9A2041CEDE003ED8EB /* Resources */,
			);
			buildRules = (
			);
			dependencies = (
				C6643D9E2041CEDE003ED8EB /* PBXTargetDependency */,
			);
			name = instagramUITests;
			productName = instagramUITests;
			productReference = C6643D9C2041CEDE003ED8EB /* instagramUITests.xctest */;
			productType = "com.apple.product-type.bundle.ui-testing";
		};
/* End PBXNativeTarget section */

/* Begin PBXProject section */
		C6643D752041CEDD003ED8EB /* Project object */ = {
			isa = PBXProject;
			attributes = {
				LastSwiftUpdateCheck = 0920;
				LastUpgradeCheck = 0920;
				ORGANIZATIONNAME = "Jiayi Wang";
				TargetAttributes = {
					C6643D7C2041CEDD003ED8EB = {
						CreatedOnToolsVersion = 9.2;
						ProvisioningStyle = Automatic;
					};
					C6643D902041CEDE003ED8EB = {
						CreatedOnToolsVersion = 9.2;
						ProvisioningStyle = Automatic;
						TestTargetID = C6643D7C2041CEDD003ED8EB;
					};
					C6643D9B2041CEDE003ED8EB = {
						CreatedOnToolsVersion = 9.2;
						ProvisioningStyle = Automatic;
						TestTargetID = C6643D7C2041CEDD003ED8EB;
					};
				};
			};
			buildConfigurationList = C6643D782041CEDD003ED8EB /* Build configuration list for PBXProject "instagram" */;
			compatibilityVersion = "Xcode 8.0";
			developmentRegion = en;
			hasScannedForEncodings = 0;
			knownRegions = (
				en,
				Base,
			);
			mainGroup = C6643D742041CEDD003ED8EB;
			productRefGroup = C6643D7E2041CEDE003ED8EB /* Products */;
			projectDirPath = "";
			projectRoot = "";
			targets = (
				C6643D7C2041CEDD003ED8EB /* instagram */,
				C6643D902041CEDE003ED8EB /* instagramTests */,
				C6643D9B2041CEDE003ED8EB /* instagramUITests */,
			);
		};
/* End PBXProject section */

/* Begin PBXResourcesBuildPhase section */
		C6643D7B2041CEDD003ED8EB /* Resources */ = {
			isa = PBXResourcesBuildPhase;
			buildActionMask = 2147483647;
			files = (
				C6643D8B2041CEDE003ED8EB /* LaunchScreen.storyboard in Resources */,
				C6643D882041CEDE003ED8EB /* Assets.xcassets in Resources */,
				C6643D862041CEDE003ED8EB /* Main.storyboard in Resources */,
			);
			runOnlyForDeploymentPostprocessing = 0;
		};
		C6643D8F2041CEDE003ED8EB /* Resources */ = {
			isa = PBXResourcesBuildPhase;
			buildActionMask = 2147483647;
			files = (
			);
			runOnlyForDeploymentPostprocessing = 0;
		};
		C6643D9A2041CEDE003ED8EB /* Resources */ = {
			isa = PBXResourcesBuildPhase;
			buildActionMask = 2147483647;
			files = (
			);
			runOnlyForDeploymentPostprocessing = 0;
		};
/* End PBXResourcesBuildPhase section */

/* Begin PBXSourcesBuildPhase section */
		C6643D792041CEDD003ED8EB /* Sources */ = {
			isa = PBXSourcesBuildPhase;
			buildActionMask = 2147483647;
			files = (
				C6643D832041CEDE003ED8EB /* ViewController.swift in Sources */,
				C6643D812041CEDE003ED8EB /* AppDelegate.swift in Sources */,
			);
			runOnlyForDeploymentPostprocessing = 0;
		};
		C6643D8D2041CEDE003ED8EB /* Sources */ = {
			isa = PBXSourcesBuildPhase;
			buildActionMask = 2147483647;
			files = (
				C6643D962041CEDE003ED8EB /* instagramTests.swift in Sources */,
			);
			runOnlyForDeploymentPostprocessing = 0;
		};
		C6643D982041CEDE003ED8EB /* Sources */ = {
			isa = PBXSourcesBuildPhase;
			buildActionMask = 2147483647;
			files = (
				C6643DA12041CEDE003ED8EB /* instagramUITests.swift in Sources */,
			);
			runOnlyForDeploymentPostprocessing = 0;
		};
/* End PBXSourcesBuildPhase section */

/* Begin PBXTargetDependency section */
		C6643D932041CEDE003ED8EB /* PBXTargetDependency */ = {
			isa = PBXTargetDependency;
			target = C6643D7C2041CEDD003ED8EB /* instagram */;
			targetProxy = C6643D922041CEDE003ED8EB /* PBXContainerItemProxy */;
		};
		C6643D9E2041CEDE003ED8EB /* PBXTargetDependency */ = {
			isa = PBXTargetDependency;
			target = C6643D7C2041CEDD003ED8EB /* instagram */;
			targetProxy = C6643D9D2041CEDE003ED8EB /* PBXContainerItemProxy */;
		};
/* End PBXTargetDependency section */

/* Begin PBXVariantGroup section */
		C6643D842041CEDE003ED8EB /* Main.storyboard */ = {
			isa = PBXVariantGroup;
			children = (
				C6643D852041CEDE003ED8EB /* Base */,
			);
			name = Main.storyboard;
			sourceTree = "<group>";
		};
		C6643D892041CEDE003ED8EB /* LaunchScreen.storyboard */ = {
			isa = PBXVariantGroup;
			children = (
				C6643D8A2041CEDE003ED8EB /* Base */,
			);
			name = LaunchScreen.storyboard;
			sourceTree = "<group>";
		};
/* End PBXVariantGroup section */

/* Begin XCBuildConfiguration section */
		C6643DA32041CEDE003ED8EB /* Debug */ = {
			isa = XCBuildConfiguration;
			buildSettings = {
				ALWAYS_SEARCH_USER_PATHS = NO;
				CLANG_ANALYZER_NONNULL = YES;
				CLANG_ANALYZER_NUMBER_OBJECT_CONVERSION = YES_AGGRESSIVE;
				CLANG_CXX_LANGUAGE_STANDARD = "gnu++14";
				CLANG_CXX_LIBRARY = "libc++";
				CLANG_ENABLE_MODULES = YES;
				CLANG_ENABLE_OBJC_ARC = YES;
				CLANG_WARN_BLOCK_CAPTURE_AUTORELEASING = YES;
				CLANG_WARN_BOOL_CONVERSION = YES;
				CLANG_WARN_COMMA = YES;
				CLANG_WARN_CONSTANT_CONVERSION = YES;
				CLANG_WARN_DIRECT_OBJC_ISA_USAGE = YES_ERROR;
				CLANG_WARN_DOCUMENTATION_COMMENTS = YES;
				CLANG_WARN_EMPTY_BODY = YES;
				CLANG_WARN_ENUM_CONVERSION = YES;
				CLANG_WARN_INFINITE_RECURSION = YES;
				CLANG_WARN_INT_CONVERSION = YES;
				CLANG_WARN_NON_LITERAL_NULL_CONVERSION = YES;
				CLANG_WARN_OBJC_LITERAL_CONVERSION = YES;
				CLANG_WARN_OBJC_ROOT_CLASS = YES_ERROR;
				CLANG_WARN_RANGE_LOOP_ANALYSIS = YES;
				CLANG_WARN_STRICT_PROTOTYPES = YES;
				CLANG_WARN_SUSPICIOUS_MOVE = YES;
				CLANG_WARN_UNGUARDED_AVAILABILITY = YES_AGGRESSIVE;
				CLANG_WARN_UNREACHABLE_CODE = YES;
				CLANG_WARN__DUPLICATE_METHOD_MATCH = YES;
				CODE_SIGN_IDENTITY = "iPhone Developer";
				COPY_PHASE_STRIP = NO;
				DEBUG_INFORMATION_FORMAT = dwarf;
				ENABLE_STRICT_OBJC_MSGSEND = YES;
				ENABLE_TESTABILITY = YES;
				GCC_C_LANGUAGE_STANDARD = gnu11;
				GCC_DYNAMIC_NO_PIC = NO;
				GCC_NO_COMMON_BLOCKS = YES;
				GCC_OPTIMIZATION_LEVEL = 0;
				GCC_PREPROCESSOR_DEFINITIONS = (
					"DEBUG=1",
					"$(inherited)",
				);
				GCC_WARN_64_TO_32_BIT_CONVERSION = YES;
				GCC_WARN_ABOUT_RETURN_TYPE = YES_ERROR;
				GCC_WARN_UNDECLARED_SELECTOR = YES;
				GCC_WARN_UNINITIALIZED_AUTOS = YES_AGGRESSIVE;
				GCC_WARN_UNUSED_FUNCTION = YES;
				GCC_WARN_UNUSED_VARIABLE = YES;
				IPHONEOS_DEPLOYMENT_TARGET = 11.2;
				MTL_ENABLE_DEBUG_INFO = YES;
				ONLY_ACTIVE_ARCH = YES;
				SDKROOT = iphoneos;
				SWIFT_ACTIVE_COMPILATION_CONDITIONS = DEBUG;
				SWIFT_OPTIMIZATION_LEVEL = "-Onone";
			};
			name = Debug;
		};
		C6643DA42041CEDE003ED8EB /* Release */ = {
			isa = XCBuildConfiguration;
			buildSettings = {
				ALWAYS_SEARCH_USER_PATHS = NO;
				CLANG_ANALYZER_NONNULL = YES;
				CLANG_ANALYZER_NUMBER_OBJECT_CONVERSION = YES_AGGRESSIVE;
				CLANG_CXX_LANGUAGE_STANDARD = "gnu++14";
				CLANG_CXX_LIBRARY = "libc++";
				CLANG_ENABLE_MODULES = YES;
				CLANG_ENABLE_OBJC_ARC = YES;
				CLANG_WARN_BLOCK_CAPTURE_AUTORELEASING = YES;
				CLANG_WARN_BOOL_CONVERSION = YES;
				CLANG_WARN_COMMA = YES;
				CLANG_WARN_CONSTANT_CONVERSION = YES;
				CLANG_WARN_DIRECT_OBJC_ISA_USAGE = YES_ERROR;
				CLANG_WARN_DOCUMENTATION_COMMENTS = YES;
				CLANG_WARN_EMPTY_BODY = YES;
				CLANG_WARN_ENUM_CONVERSION = YES;
				CLANG_WARN_INFINITE_RECURSION = YES;
				CLANG_WARN_INT_CONVERSION = YES;
				CLANG_WARN_NON_LITERAL_NULL_CONVERSION = YES;
				CLANG_WARN_OBJC_LITERAL_CONVERSION = YES;
				CLANG_WARN_OBJC_ROOT_CLASS = YES_ERROR;
				CLANG_WARN_RANGE_LOOP_ANALYSIS = YES;
				CLANG_WARN_STRICT_PROTOTYPES = YES;
				CLANG_WARN_SUSPICIOUS_MOVE = YES;
				CLANG_WARN_UNGUARDED_AVAILABILITY = YES_AGGRESSIVE;
				CLANG_WARN_UNREACHABLE_CODE = YES;
				CLANG_WARN__DUPLICATE_METHOD_MATCH = YES;
				CODE_SIGN_IDENTITY = "iPhone Developer";
				COPY_PHASE_STRIP = NO;
				DEBUG_INFORMATION_FORMAT = "dwarf-with-dsym";
				ENABLE_NS_ASSERTIONS = NO;
				ENABLE_STRICT_OBJC_MSGSEND = YES;
				GCC_C_LANGUAGE_STANDARD = gnu11;
				GCC_NO_COMMON_BLOCKS = YES;
				GCC_WARN_64_TO_32_BIT_CONVERSION = YES;
				GCC_WARN_ABOUT_RETURN_TYPE = YES_ERROR;
				GCC_WARN_UNDECLARED_SELECTOR = YES;
				GCC_WARN_UNINITIALIZED_AUTOS = YES_AGGRESSIVE;
				GCC_WARN_UNUSED_FUNCTION = YES;
				GCC_WARN_UNUSED_VARIABLE = YES;
				IPHONEOS_DEPLOYMENT_TARGET = 11.2;
				MTL_ENABLE_DEBUG_INFO = NO;
				SDKROOT = iphoneos;
				SWIFT_OPTIMIZATION_LEVEL = "-Owholemodule";
				VALIDATE_PRODUCT = YES;
			};
			name = Release;
		};
		C6643DA62041CEDE003ED8EB /* Debug */ = {
			isa = XCBuildConfiguration;
			buildSettings = {
				ASSETCATALOG_COMPILER_APPICON_NAME = AppIcon;
				CODE_SIGN_STYLE = Automatic;
				INFOPLIST_FILE = instagram/Info.plist;
				LD_RUNPATH_SEARCH_PATHS = "$(inherited) @executable_path/Frameworks";
				PRODUCT_BUNDLE_IDENTIFIER = com.codepath.instagram;
				PRODUCT_NAME = "$(TARGET_NAME)";
				SWIFT_VERSION = 4.0;
				TARGETED_DEVICE_FAMILY = "1,2";
			};
			name = Debug;
		};
		C6643DA72041CEDE003ED8EB /* Release */ = {
			isa = XCBuildConfiguration;
			buildSettings = {
				ASSETCATALOG_COMPILER_APPICON_NAME = AppIcon;
				CODE_SIGN_STYLE = Automatic;
				INFOPLIST_FILE = instagram/Info.plist;
				LD_RUNPATH_SEARCH_PATHS = "$(inherited) @executable_path/Frameworks";
				PRODUCT_BUNDLE_IDENTIFIER = com.codepath.instagram;
				PRODUCT_NAME = "$(TARGET_NAME)";
				SWIFT_VERSION = 4.0;
				TARGETED_DEVICE_FAMILY = "1,2";
			};
			name = Release;
		};
		C6643DA92041CEDE003ED8EB /* Debug */ = {
			isa = XCBuildConfiguration;
			buildSettings = {
				ALWAYS_EMBED_SWIFT_STANDARD_LIBRARIES = YES;
				BUNDLE_LOADER = "$(TEST_HOST)";
				CODE_SIGN_STYLE = Automatic;
				INFOPLIST_FILE = instagramTests/Info.plist;
				LD_RUNPATH_SEARCH_PATHS = "$(inherited) @executable_path/Frameworks @loader_path/Frameworks";
				PRODUCT_BUNDLE_IDENTIFIER = com.codepath.instagramTests;
				PRODUCT_NAME = "$(TARGET_NAME)";
				SWIFT_VERSION = 4.0;
				TARGETED_DEVICE_FAMILY = "1,2";
				TEST_HOST = "$(BUILT_PRODUCTS_DIR)/instagram.app/instagram";
			};
			name = Debug;
		};
		C6643DAA2041CEDE003ED8EB /* Release */ = {
			isa = XCBuildConfiguration;
			buildSettings = {
				ALWAYS_EMBED_SWIFT_STANDARD_LIBRARIES = YES;
				BUNDLE_LOADER = "$(TEST_HOST)";
				CODE_SIGN_STYLE = Automatic;
				INFOPLIST_FILE = instagramTests/Info.plist;
				LD_RUNPATH_SEARCH_PATHS = "$(inherited) @executable_path/Frameworks @loader_path/Frameworks";
				PRODUCT_BUNDLE_IDENTIFIER = com.codepath.instagramTests;
				PRODUCT_NAME = "$(TARGET_NAME)";
				SWIFT_VERSION = 4.0;
				TARGETED_DEVICE_FAMILY = "1,2";
				TEST_HOST = "$(BUILT_PRODUCTS_DIR)/instagram.app/instagram";
			};
			name = Release;
		};
		C6643DAC2041CEDE003ED8EB /* Debug */ = {
			isa = XCBuildConfiguration;
			buildSettings = {
				ALWAYS_EMBED_SWIFT_STANDARD_LIBRARIES = YES;
				CODE_SIGN_STYLE = Automatic;
				INFOPLIST_FILE = instagramUITests/Info.plist;
				LD_RUNPATH_SEARCH_PATHS = "$(inherited) @executable_path/Frameworks @loader_path/Frameworks";
				PRODUCT_BUNDLE_IDENTIFIER = com.codepath.instagramUITests;
				PRODUCT_NAME = "$(TARGET_NAME)";
				SWIFT_VERSION = 4.0;
				TARGETED_DEVICE_FAMILY = "1,2";
				TEST_TARGET_NAME = instagram;
			};
			name = Debug;
		};
		C6643DAD2041CEDE003ED8EB /* Release */ = {
			isa = XCBuildConfiguration;
			buildSettings = {
				ALWAYS_EMBED_SWIFT_STANDARD_LIBRARIES = YES;
				CODE_SIGN_STYLE = Automatic;
				INFOPLIST_FILE = instagramUITests/Info.plist;
				LD_RUNPATH_SEARCH_PATHS = "$(inherited) @executable_path/Frameworks @loader_path/Frameworks";
				PRODUCT_BUNDLE_IDENTIFIER = com.codepath.instagramUITests;
				PRODUCT_NAME = "$(TARGET_NAME)";
				SWIFT_VERSION = 4.0;
				TARGETED_DEVICE_FAMILY = "1,2";
				TEST_TARGET_NAME = instagram;
			};
			name = Release;
		};
/* End XCBuildConfiguration section */

/* Begin XCConfigurationList section */
		C6643D782041CEDD003ED8EB /* Build configuration list for PBXProject "instagram" */ = {
			isa = XCConfigurationList;
			buildConfigurations = (
				C6643DA32041CEDE003ED8EB /* Debug */,
				C6643DA42041CEDE003ED8EB /* Release */,
			);
			defaultConfigurationIsVisible = 0;
			defaultConfigurationName = Release;
		};
		C6643DA52041CEDE003ED8EB /* Build configuration list for PBXNativeTarget "instagram" */ = {
			isa = XCConfigurationList;
			buildConfigurations = (
				C6643DA62041CEDE003ED8EB /* Debug */,
				C6643DA72041CEDE003ED8EB /* Release */,
			);
			defaultConfigurationIsVisible = 0;
			defaultConfigurationName = Release;
		};
		C6643DA82041CEDE003ED8EB /* Build configuration list for PBXNativeTarget "instagramTests" */ = {
			isa = XCConfigurationList;
			buildConfigurations = (
				C6643DA92041CEDE003ED8EB /* Debug */,
				C6643DAA2041CEDE003ED8EB /* Release */,
			);
			defaultConfigurationIsVisible = 0;
			defaultConfigurationName = Release;
		};
		C6643DAB2041CEDE003ED8EB /* Build configuration list for PBXNativeTarget "instagramUITests" */ = {
			isa = XCConfigurationList;
			buildConfigurations = (
				C6643DAC2041CEDE003ED8EB /* Debug */,
				C6643DAD2041CEDE003ED8EB /* Release */,
			);
			defaultConfigurationIsVisible = 0;
			defaultConfigurationName = Release;
		};
/* End XCConfigurationList section */
	};
	rootObject = C6643D752041CEDD003ED8EB /* Project object */;
}
